
Microsoft Visual Studio Solution File, Format Version 12.00
# Visual Studio Version 17
VisualStudioVersion = 17.8.34330.188
MinimumVisualStudioVersion = 10.0.40219.1
Project("{2150E333-8FDC-42A3-9474-1A3956D46DE8}") = "Core", "Core", "{E17DCC41-942D-434B-9B77-B9F280BC98CE}"
EndProject
Project("{2150E333-8FDC-42A3-9474-1A3956D46DE8}") = "Tests", "Tests", "{F3FDC461-FEE4-4F52-BDAC-4775EB6B842B}"
EndProject
Project("{2150E333-8FDC-42A3-9474-1A3956D46DE8}") = "Adapters", "Adapters", "{00C49A32-92D0-4C3D-A61D-E2DAA1BEF9EC}"
EndProject
Project("{2150E333-8FDC-42A3-9474-1A3956D46DE8}") = "Driven", "Driven", "{9C9C6B08-69F3-428B-B383-E11E6D4F4D86}"
EndProject
Project("{2150E333-8FDC-42A3-9474-1A3956D46DE8}") = "Driving", "Driving", "{F20AAB8D-7ED0-4E35-BE92-B332DA3F354E}"
EndProject
Project("{9A19103F-16F7-4668-BE54-9A1E7A4F7556}") = "GerenciamentoUsuario.Api", "GerenciamentoUsuario.Api\GerenciamentoUsuario.Api.csproj", "{5A6494DF-663A-4B1A-814B-E412BC1EABAB}"
EndProject
Project("{9A19103F-16F7-4668-BE54-9A1E7A4F7556}") = "GerenciamentoUsuario.DataBase", "GerenciamentoUsuario.DB\GerenciamentoUsuario.DataBase.csproj", "{6446ED7B-27FE-4187-A45B-A35BCA1FEA7F}"
EndProject
Project("{9A19103F-16F7-4668-BE54-9A1E7A4F7556}") = "GerenciamentoUsuario.Application", "GerenciamentoUsuario.Application\GerenciamentoUsuario.Application.csproj", "{2A62AE03-989E-4ABD-BBCC-609F379BDCA1}"
EndProject
Project("{9A19103F-16F7-4668-BE54-9A1E7A4F7556}") = "GerenciamentoUsuario.Domain", "GerenciamentoUsuario.Domain\GerenciamentoUsuario.Domain.csproj", "{83D23899-F55E-4BCC-920C-044DBB7FD93E}"
EndProject
Project("{2150E333-8FDC-42A3-9474-1A3956D46DE8}") = "Api", "Api", "{0C8E80D3-3824-4242-AB3F-54369864CE21}"
EndProject
Project("{2150E333-8FDC-42A3-9474-1A3956D46DE8}") = "Application", "Application", "{2C5C381F-C3DB-40A9-A1CD-D774AF9F6C91}"
EndProject
Project("{2150E333-8FDC-42A3-9474-1A3956D46DE8}") = "Domain", "Domain", "{B9E588CA-233B-48CF-ABC2-708E30E362E2}"
EndProject
Project("{2150E333-8FDC-42A3-9474-1A3956D46DE8}") = "Services", "Services", "{62E63784-4E79-402F-A176-258CA3A1A3FB}"
EndProject
Project("{9A19103F-16F7-4668-BE54-9A1E7A4F7556}") = "GerenciamentoUsuario.MSK", "GerenciamentoUsuario.KafkaProducer\GerenciamentoUsuario.MSK.csproj", "{BC2CD6A1-D3DE-4747-8A6A-00F7E055AAF7}"
EndProject
Project("{FAE04EC0-301F-11D3-BF4B-00C04F79EFBC}") = "GerenciamentoUsuario.ConsumerService", "GerenciamentoUsuario.ConsumerService\GerenciamentoUsuario.ConsumerService.csproj", "{CFC35652-46EC-45CB-B0BB-FCD4C4C70A91}"
EndProject
Global
	GlobalSection(SolutionConfigurationPlatforms) = preSolution
		Debug|Any CPU = Debug|Any CPU
		Debug|x64 = Debug|x64
		Release|Any CPU = Release|Any CPU
		Release|x64 = Release|x64
	EndGlobalSection
	GlobalSection(ProjectConfigurationPlatforms) = postSolution
		{5A6494DF-663A-4B1A-814B-E412BC1EABAB}.Debug|Any CPU.ActiveCfg = Debug|Any CPU
		{5A6494DF-663A-4B1A-814B-E412BC1EABAB}.Debug|Any CPU.Build.0 = Debug|Any CPU
		{5A6494DF-663A-4B1A-814B-E412BC1EABAB}.Debug|x64.ActiveCfg = Debug|Any CPU
		{5A6494DF-663A-4B1A-814B-E412BC1EABAB}.Debug|x64.Build.0 = Debug|Any CPU
		{5A6494DF-663A-4B1A-814B-E412BC1EABAB}.Release|Any CPU.ActiveCfg = Release|Any CPU
		{5A6494DF-663A-4B1A-814B-E412BC1EABAB}.Release|Any CPU.Build.0 = Release|Any CPU
		{5A6494DF-663A-4B1A-814B-E412BC1EABAB}.Release|x64.ActiveCfg = Release|Any CPU
		{5A6494DF-663A-4B1A-814B-E412BC1EABAB}.Release|x64.Build.0 = Release|Any CPU
		{6446ED7B-27FE-4187-A45B-A35BCA1FEA7F}.Debug|Any CPU.ActiveCfg = Debug|Any CPU
		{6446ED7B-27FE-4187-A45B-A35BCA1FEA7F}.Debug|Any CPU.Build.0 = Debug|Any CPU
		{6446ED7B-27FE-4187-A45B-A35BCA1FEA7F}.Debug|x64.ActiveCfg = Debug|Any CPU
		{6446ED7B-27FE-4187-A45B-A35BCA1FEA7F}.Debug|x64.Build.0 = Debug|Any CPU
		{6446ED7B-27FE-4187-A45B-A35BCA1FEA7F}.Release|Any CPU.ActiveCfg = Release|Any CPU
		{6446ED7B-27FE-4187-A45B-A35BCA1FEA7F}.Release|Any CPU.Build.0 = Release|Any CPU
		{6446ED7B-27FE-4187-A45B-A35BCA1FEA7F}.Release|x64.ActiveCfg = Release|Any CPU
		{6446ED7B-27FE-4187-A45B-A35BCA1FEA7F}.Release|x64.Build.0 = Release|Any CPU
		{2A62AE03-989E-4ABD-BBCC-609F379BDCA1}.Debug|Any CPU.ActiveCfg = Debug|Any CPU
		{2A62AE03-989E-4ABD-BBCC-609F379BDCA1}.Debug|Any CPU.Build.0 = Debug|Any CPU
		{2A62AE03-989E-4ABD-BBCC-609F379BDCA1}.Debug|x64.ActiveCfg = Debug|Any CPU
		{2A62AE03-989E-4ABD-BBCC-609F379BDCA1}.Debug|x64.Build.0 = Debug|Any CPU
		{2A62AE03-989E-4ABD-BBCC-609F379BDCA1}.Release|Any CPU.ActiveCfg = Release|Any CPU
		{2A62AE03-989E-4ABD-BBCC-609F379BDCA1}.Release|Any CPU.Build.0 = Release|Any CPU
		{2A62AE03-989E-4ABD-BBCC-609F379BDCA1}.Release|x64.ActiveCfg = Release|Any CPU
		{2A62AE03-989E-4ABD-BBCC-609F379BDCA1}.Release|x64.Build.0 = Release|Any CPU
		{83D23899-F55E-4BCC-920C-044DBB7FD93E}.Debug|Any CPU.ActiveCfg = Debug|Any CPU
		{83D23899-F55E-4BCC-920C-044DBB7FD93E}.Debug|Any CPU.Build.0 = Debug|Any CPU
		{83D23899-F55E-4BCC-920C-044DBB7FD93E}.Debug|x64.ActiveCfg = Debug|Any CPU
		{83D23899-F55E-4BCC-920C-044DBB7FD93E}.Debug|x64.Build.0 = Debug|Any CPU
		{83D23899-F55E-4BCC-920C-044DBB7FD93E}.Release|Any CPU.ActiveCfg = Release|Any CPU
		{83D23899-F55E-4BCC-920C-044DBB7FD93E}.Release|Any CPU.Build.0 = Release|Any CPU
		{83D23899-F55E-4BCC-920C-044DBB7FD93E}.Release|x64.ActiveCfg = Release|Any CPU
		{83D23899-F55E-4BCC-920C-044DBB7FD93E}.Release|x64.Build.0 = Release|Any CPU
		{BC2CD6A1-D3DE-4747-8A6A-00F7E055AAF7}.Debug|Any CPU.ActiveCfg = Debug|Any CPU
		{BC2CD6A1-D3DE-4747-8A6A-00F7E055AAF7}.Debug|Any CPU.Build.0 = Debug|Any CPU
		{BC2CD6A1-D3DE-4747-8A6A-00F7E055AAF7}.Debug|x64.ActiveCfg = Debug|Any CPU
		{BC2CD6A1-D3DE-4747-8A6A-00F7E055AAF7}.Debug|x64.Build.0 = Debug|Any CPU
		{BC2CD6A1-D3DE-4747-8A6A-00F7E055AAF7}.Release|Any CPU.ActiveCfg = Release|Any CPU
		{BC2CD6A1-D3DE-4747-8A6A-00F7E055AAF7}.Release|Any CPU.Build.0 = Release|Any CPU
		{BC2CD6A1-D3DE-4747-8A6A-00F7E055AAF7}.Release|x64.ActiveCfg = Release|Any CPU
		{BC2CD6A1-D3DE-4747-8A6A-00F7E055AAF7}.Release|x64.Build.0 = Release|Any CPU
		{CFC35652-46EC-45CB-B0BB-FCD4C4C70A91}.Debug|Any CPU.ActiveCfg = Debug|Any CPU
		{CFC35652-46EC-45CB-B0BB-FCD4C4C70A91}.Debug|Any CPU.Build.0 = Debug|Any CPU
		{CFC35652-46EC-45CB-B0BB-FCD4C4C70A91}.Debug|x64.ActiveCfg = Debug|Any CPU
		{CFC35652-46EC-45CB-B0BB-FCD4C4C70A91}.Debug|x64.Build.0 = Debug|Any CPU
		{CFC35652-46EC-45CB-B0BB-FCD4C4C70A91}.Release|Any CPU.ActiveCfg = Release|Any CPU
		{CFC35652-46EC-45CB-B0BB-FCD4C4C70A91}.Release|Any CPU.Build.0 = Release|Any CPU
		{CFC35652-46EC-45CB-B0BB-FCD4C4C70A91}.Release|x64.ActiveCfg = Release|Any CPU
		{CFC35652-46EC-45CB-B0BB-FCD4C4C70A91}.Release|x64.Build.0 = Release|Any CPU
	EndGlobalSection
	GlobalSection(SolutionProperties) = preSolution
		HideSolutionNode = FALSE
	EndGlobalSection
	GlobalSection(NestedProjects) = preSolution
		{9C9C6B08-69F3-428B-B383-E11E6D4F4D86} = {00C49A32-92D0-4C3D-A61D-E2DAA1BEF9EC}
		{F20AAB8D-7ED0-4E35-BE92-B332DA3F354E} = {00C49A32-92D0-4C3D-A61D-E2DAA1BEF9EC}
		{5A6494DF-663A-4B1A-814B-E412BC1EABAB} = {0C8E80D3-3824-4242-AB3F-54369864CE21}
		{6446ED7B-27FE-4187-A45B-A35BCA1FEA7F} = {9C9C6B08-69F3-428B-B383-E11E6D4F4D86}
		{2A62AE03-989E-4ABD-BBCC-609F379BDCA1} = {2C5C381F-C3DB-40A9-A1CD-D774AF9F6C91}
		{83D23899-F55E-4BCC-920C-044DBB7FD93E} = {B9E588CA-233B-48CF-ABC2-708E30E362E2}
		{0C8E80D3-3824-4242-AB3F-54369864CE21} = {F20AAB8D-7ED0-4E35-BE92-B332DA3F354E}
		{2C5C381F-C3DB-40A9-A1CD-D774AF9F6C91} = {E17DCC41-942D-434B-9B77-B9F280BC98CE}
		{B9E588CA-233B-48CF-ABC2-708E30E362E2} = {E17DCC41-942D-434B-9B77-B9F280BC98CE}
		{62E63784-4E79-402F-A176-258CA3A1A3FB} = {F20AAB8D-7ED0-4E35-BE92-B332DA3F354E}
		{BC2CD6A1-D3DE-4747-8A6A-00F7E055AAF7} = {9C9C6B08-69F3-428B-B383-E11E6D4F4D86}
		{CFC35652-46EC-45CB-B0BB-FCD4C4C70A91} = {62E63784-4E79-402F-A176-258CA3A1A3FB}
	EndGlobalSection
	GlobalSection(ExtensibilityGlobals) = postSolution
		SolutionGuid = {AED22DF7-D6CA-473B-8262-E09C0B3614B9}
	EndGlobalSection
EndGlobal
